
Microsoft Visual Studio Solution File, Format Version 12.00
# Visual Studio Version 16
VisualStudioVersion = 16.0.30717.126
MinimumVisualStudioVersion = 10.0.40219.1
Project("{9A19103F-16F7-4668-BE54-9A1E7A4F7556}") = "ApiNetCore.Application", "ApiNetCore.Application\ApiNetCore.Application.csproj", "{6C3A008E-1557-4193-9B0E-D468B2C009DA}"
EndProject
Project("{9A19103F-16F7-4668-BE54-9A1E7A4F7556}") = "ApiNetCore.Domain", "ApiNetCore.Domain\ApiNetCore.Domain.csproj", "{8C80B7BB-D993-4537-8C2C-8A477A3D122A}"
EndProject
Project("{9A19103F-16F7-4668-BE54-9A1E7A4F7556}") = "ApiNetCore.CrossCutting", "ApiNetCore.CrossCutting\ApiNetCore.CrossCutting.csproj", "{D86FA699-D057-4BB8-8F7C-6969FED78CAE}"
EndProject
Project("{9A19103F-16F7-4668-BE54-9A1E7A4F7556}") = "ApiNetCore.Data", "ApiNetCore.Data\ApiNetCore.Data.csproj", "{86DDBE6D-BAA3-490B-89F5-3FFF0804172B}"
EndProject
Project("{9A19103F-16F7-4668-BE54-9A1E7A4F7556}") = "ApiNetCore.Service", "ApiNetCore.Service\ApiNetCore.Service.csproj", "{C3092742-25B3-47C1-8113-5ADBE142C754}"
EndProject
Project("{FAE04EC0-301F-11D3-BF4B-00C04F79EFBC}") = "Api.Data.Test", "Tests\Api.Data.Test\Api.Data.Test.csproj", "{A3F1DDFB-4EA2-44DF-AB97-5055C406545A}"
EndProject
Global
	GlobalSection(SolutionConfigurationPlatforms) = preSolution
		Debug|Any CPU = Debug|Any CPU
		Release|Any CPU = Release|Any CPU
	EndGlobalSection
	GlobalSection(ProjectConfigurationPlatforms) = postSolution
		{6C3A008E-1557-4193-9B0E-D468B2C009DA}.Debug|Any CPU.ActiveCfg = Debug|Any CPU
		{6C3A008E-1557-4193-9B0E-D468B2C009DA}.Debug|Any CPU.Build.0 = Debug|Any CPU
		{6C3A008E-1557-4193-9B0E-D468B2C009DA}.Release|Any CPU.ActiveCfg = Release|Any CPU
		{6C3A008E-1557-4193-9B0E-D468B2C009DA}.Release|Any CPU.Build.0 = Release|Any CPU
		{8C80B7BB-D993-4537-8C2C-8A477A3D122A}.Debug|Any CPU.ActiveCfg = Debug|Any CPU
		{8C80B7BB-D993-4537-8C2C-8A477A3D122A}.Debug|Any CPU.Build.0 = Debug|Any CPU
		{8C80B7BB-D993-4537-8C2C-8A477A3D122A}.Release|Any CPU.ActiveCfg = Release|Any CPU
		{8C80B7BB-D993-4537-8C2C-8A477A3D122A}.Release|Any CPU.Build.0 = Release|Any CPU
		{D86FA699-D057-4BB8-8F7C-6969FED78CAE}.Debug|Any CPU.ActiveCfg = Debug|Any CPU
		{D86FA699-D057-4BB8-8F7C-6969FED78CAE}.Debug|Any CPU.Build.0 = Debug|Any CPU
		{D86FA699-D057-4BB8-8F7C-6969FED78CAE}.Release|Any CPU.ActiveCfg = Release|Any CPU
		{D86FA699-D057-4BB8-8F7C-6969FED78CAE}.Release|Any CPU.Build.0 = Release|Any CPU
		{86DDBE6D-BAA3-490B-89F5-3FFF0804172B}.Debug|Any CPU.ActiveCfg = Debug|Any CPU
		{86DDBE6D-BAA3-490B-89F5-3FFF0804172B}.Debug|Any CPU.Build.0 = Debug|Any CPU
		{86DDBE6D-BAA3-490B-89F5-3FFF0804172B}.Release|Any CPU.ActiveCfg = Release|Any CPU
		{86DDBE6D-BAA3-490B-89F5-3FFF0804172B}.Release|Any CPU.Build.0 = Release|Any CPU
		{C3092742-25B3-47C1-8113-5ADBE142C754}.Debug|Any CPU.ActiveCfg = Debug|Any CPU
		{C3092742-25B3-47C1-8113-5ADBE142C754}.Debug|Any CPU.Build.0 = Debug|Any CPU
		{C3092742-25B3-47C1-8113-5ADBE142C754}.Release|Any CPU.ActiveCfg = Release|Any CPU
		{C3092742-25B3-47C1-8113-5ADBE142C754}.Release|Any CPU.Build.0 = Release|Any CPU
		{A3F1DDFB-4EA2-44DF-AB97-5055C406545A}.Debug|Any CPU.ActiveCfg = Debug|Any CPU
		{A3F1DDFB-4EA2-44DF-AB97-5055C406545A}.Debug|Any CPU.Build.0 = Debug|Any CPU
		{A3F1DDFB-4EA2-44DF-AB97-5055C406545A}.Release|Any CPU.ActiveCfg = Release|Any CPU
		{A3F1DDFB-4EA2-44DF-AB97-5055C406545A}.Release|Any CPU.Build.0 = Release|Any CPU
	EndGlobalSection
	GlobalSection(SolutionProperties) = preSolution
		HideSolutionNode = FALSE
	EndGlobalSection
	GlobalSection(ExtensibilityGlobals) = postSolution
		SolutionGuid = {7007F325-CFAA-45E0-B6A1-D6E06BDDF887}
	EndGlobalSection
EndGlobal
